
Microsoft Visual Studio Solution File, Format Version 12.00
# Visual Studio Version 17
VisualStudioVersion = 17.4.33122.133
MinimumVisualStudioVersion = 10.0.40219.1
Project("{FAE04EC0-301F-11D3-BF4B-00C04F79EFBC}") = "AuthenticationCookie", "AuthenticationCookie\AuthenticationCookie.csproj", "{AB0B6574-DC25-4475-B8AB-A62E3C494698}"
EndProject
Project("{FAE04EC0-301F-11D3-BF4B-00C04F79EFBC}") = "AuthenticationCookie.Domain", "AuthenticationCookie.Domain\AuthenticationCookie.Domain.csproj", "{7411FB45-D4D3-439A-B815-095A6AC765EE}"
EndProject
Project("{FAE04EC0-301F-11D3-BF4B-00C04F79EFBC}") = "AuthenticationCookie.Infrastructure", "AuthenticationCookie.Infrastructure\AuthenticationCookie.Infrastructure.csproj", "{C9D40FBF-DB7A-4EA6-A713-411FC0C74903}"
EndProject
Global
	GlobalSection(SolutionConfigurationPlatforms) = preSolution
		Debug|Any CPU = Debug|Any CPU
		Release|Any CPU = Release|Any CPU
	EndGlobalSection
	GlobalSection(ProjectConfigurationPlatforms) = postSolution
		{AB0B6574-DC25-4475-B8AB-A62E3C494698}.Debug|Any CPU.ActiveCfg = Debug|Any CPU
		{AB0B6574-DC25-4475-B8AB-A62E3C494698}.Debug|Any CPU.Build.0 = Debug|Any CPU
		{AB0B6574-DC25-4475-B8AB-A62E3C494698}.Release|Any CPU.ActiveCfg = Release|Any CPU
		{AB0B6574-DC25-4475-B8AB-A62E3C494698}.Release|Any CPU.Build.0 = Release|Any CPU
		{7411FB45-D4D3-439A-B815-095A6AC765EE}.Debug|Any CPU.ActiveCfg = Debug|Any CPU
		{7411FB45-D4D3-439A-B815-095A6AC765EE}.Debug|Any CPU.Build.0 = Debug|Any CPU
		{7411FB45-D4D3-439A-B815-095A6AC765EE}.Release|Any CPU.ActiveCfg = Release|Any CPU
		{7411FB45-D4D3-439A-B815-095A6AC765EE}.Release|Any CPU.Build.0 = Release|Any CPU
		{C9D40FBF-DB7A-4EA6-A713-411FC0C74903}.Debug|Any CPU.ActiveCfg = Debug|Any CPU
		{C9D40FBF-DB7A-4EA6-A713-411FC0C74903}.Debug|Any CPU.Build.0 = Debug|Any CPU
		{C9D40FBF-DB7A-4EA6-A713-411FC0C74903}.Release|Any CPU.ActiveCfg = Release|Any CPU
		{C9D40FBF-DB7A-4EA6-A713-411FC0C74903}.Release|Any CPU.Build.0 = Release|Any CPU
	EndGlobalSection
	GlobalSection(SolutionProperties) = preSolution
		HideSolutionNode = FALSE
	EndGlobalSection
	GlobalSection(ExtensibilityGlobals) = postSolution
		SolutionGuid = {FA512B85-238D-4422-B386-1D3DD3F86494}
	EndGlobalSection
EndGlobal
